{
  "name": "node-dde-with-edge-js",
  "version": "1.1.0",
  "lockfileVersion": 2,
  "requires": true,
  "packages": {
    "": {
      "name": "node-dde-with-edge-js",
      "version": "1.1.0",
      "license": "MIT",
      "os": [
        "win32"
      ],
      "dependencies": {
        "edge-js": "19.3.0"
      },
      "devDependencies": {}
    },
    "node_modules/edge-cs": {
      "version": "1.2.1",
      "resolved": "https://registry.npmjs.org/edge-cs/-/edge-cs-1.2.1.tgz",
      "integrity": "sha512-N5KAeMBhhCbCGmb5oiHJ0KcuTksZzo8lg+uByEUCZAdnLPHizHkk6ZIuuTD63eez7+W25ZSvsGS5+FtymxFoKw==",
      "hasInstallScript": true,
      "engines": {
        "node": ">= 0.8"
      }
    },
    "node_modules/edge-js": {
      "version": "19.3.0",
      "resolved": "https://registry.npmjs.org/edge-js/-/edge-js-19.3.0.tgz",
      "integrity": "sha512-wp01bWIhGDH0+cduOEToJxbJBaklGe7pRlIPdEKaaeIn/8QdN3OyRGFMM+Gk/zKTUrFCK+nlu+qTKuOQnIyOVg==",
      "hasInstallScript": true,
      "dependencies": {
        "edge-cs": "1.2.1",
        "nan": "^2.17.0"
      },
      "engines": {
        "node": ">= 6"
      }
    },
    "node_modules/nan": {
      "version": "2.17.0",
      "resolved": "https://registry.npmjs.org/nan/-/nan-2.17.0.tgz",
      "integrity": "sha512-2ZTgtl0nJsO0KQCjEpxcIr5D+Yv90plTitZt9JBfQvVJDS5seMl3FOvsh3+9CoYWXf/1l5OaZzzF6nDm4cagaQ=="
    }
  },
  "dependencies": {
    "edge-cs": {
      "version": "1.2.1",
      "resolved": "https://registry.npmjs.org/edge-cs/-/edge-cs-1.2.1.tgz",
      "integrity": "sha512-N5KAeMBhhCbCGmb5oiHJ0KcuTksZzo8lg+uByEUCZAdnLPHizHkk6ZIuuTD63eez7+W25ZSvsGS5+FtymxFoKw=="
    },
    "edge-js": {
      "version": "19.3.0",
      "resolved": "https://registry.npmjs.org/edge-js/-/edge-js-19.3.0.tgz",
      "integrity": "sha512-wp01bWIhGDH0+cduOEToJxbJBaklGe7pRlIPdEKaaeIn/8QdN3OyRGFMM+Gk/zKTUrFCK+nlu+qTKuOQnIyOVg==",
      "requires": {
        "edge-cs": "1.2.1",
        "nan": "^2.17.0"
      }
    },
    "nan": {
      "version": "2.17.0",
      "resolved": "https://registry.npmjs.org/nan/-/nan-2.17.0.tgz",
      "integrity": "sha512-2ZTgtl0nJsO0KQCjEpxcIr5D+Yv90plTitZt9JBfQvVJDS5seMl3FOvsh3+9CoYWXf/1l5OaZzzF6nDm4cagaQ=="
    }
  }
}
