# THIS IS AN AUTOGENERATED FILE. DO NOT EDIT THIS FILE DIRECTLY.
# yarn lockfile v1


edge-cs@1.2.1:
  version "1.2.1"
  resolved "https://registry.yarnpkg.com/edge-cs/-/edge-cs-1.2.1.tgz#bd1a9ecdb94ef0ed40c894582046749e57045e5a"
  integrity sha1-vRqezblO8O1AyJRYIEZ0nlcEXlo=

edge-js@^14.3.1:
  version "14.3.1"
  resolved "https://registry.yarnpkg.com/edge-js/-/edge-js-14.3.1.tgz#24f239e95f79168d38957c99673a7d92a96df1bf"
  integrity sha512-SXedx+AMiqfjBeBOzl8mm5y60RF/cSRj4lSExO6HPxqbOxAQhiIL7MmVlXg9t6xfk7ovOaujfZXFsgupfcjuAQ==
  dependencies:
    edge-cs "1.2.1"
    nan "^2.14.0"

nan@^2.14.0:
  version "2.14.1"
  resolved "https://registry.yarnpkg.com/nan/-/nan-2.14.1.tgz#d7be34dfa3105b91494c3147089315eff8874b01"
  integrity sha512-isWHgVjnFjh2x2yuJ/tj3JbwoHu3UC2dX5G/88Cm24yB6YopVgxvBObDY7n5xW6ExmFhJpSEQqFPvq9zaXc8Jw==
